
Microsoft Visual Studio Solution File, Format Version 12.00
# Visual Studio 15
VisualStudioVersion = 15.0.26730.16
MinimumVisualStudioVersion = 10.0.40219.1
Project("{FAE04EC0-301F-11D3-BF4B-00C04F79EFBC}") = "Simulation", "Simulation\Simulation.csproj", "{DADFFC59-8FCA-4C5C-87AA-C5BD6D28CC2E}"
EndProject
Global
	GlobalSection(SolutionConfigurationPlatforms) = preSolution
		Debug|Any CPU = Debug|Any CPU
		Release|Any CPU = Release|Any CPU
	EndGlobalSection
	GlobalSection(ProjectConfigurationPlatforms) = postSolution
		{DADFFC59-8FCA-4C5C-87AA-C5BD6D28CC2E}.Debug|Any CPU.ActiveCfg = Debug|Any CPU
		{DADFFC59-8FCA-4C5C-87AA-C5BD6D28CC2E}.Debug|Any CPU.Build.0 = Debug|Any CPU
		{DADFFC59-8FCA-4C5C-87AA-C5BD6D28CC2E}.Release|Any CPU.ActiveCfg = Release|Any CPU
		{DADFFC59-8FCA-4C5C-87AA-C5BD6D28CC2E}.Release|Any CPU.Build.0 = Release|Any CPU
	EndGlobalSection
	GlobalSection(SolutionProperties) = preSolution
		HideSolutionNode = FALSE
	EndGlobalSection
	GlobalSection(ExtensibilityGlobals) = postSolution
		SolutionGuid = {6D65BAE7-61D5-4520-9470-023695E26E39}
	EndGlobalSection
EndGlobal
